// !$*UTF8*$!
{
	archiveVersion = 1;
	classes = {
	};
	objectVersion = 46;
	objects = {

/* Begin PBXBuildFile section */
		750DF7221E24738000D408C8 /* User.swift in Sources */ = {isa = PBXBuildFile; fileRef = 750DF7211E24738000D408C8 /* User.swift */; };
		752ADB9F1E0E3556008BA7E4 /* LoginViewController.swift in Sources */ = {isa = PBXBuildFile; fileRef = 752ADB9E1E0E3556008BA7E4 /* LoginViewController.swift */; };
		752ADBA11E15E5FE008BA7E4 /* GoogleService-Info.plist in Resources */ = {isa = PBXBuildFile; fileRef = 752ADBA01E15E5FE008BA7E4 /* GoogleService-Info.plist */; };
		753170111E1F3CBF00ECEF19 /* ProfileViewController.swift in Sources */ = {isa = PBXBuildFile; fileRef = 753170101E1F3CBF00ECEF19 /* ProfileViewController.swift */; };
		75A618D11E0DE74400A0362E /* AppDelegate.swift in Sources */ = {isa = PBXBuildFile; fileRef = 75A618D01E0DE74400A0362E /* AppDelegate.swift */; };
		75A618D31E0DE74400A0362E /* ViewController.swift in Sources */ = {isa = PBXBuildFile; fileRef = 75A618D21E0DE74400A0362E /* ViewController.swift */; };
		75A618D81E0DE74400A0362E /* Assets.xcassets in Resources */ = {isa = PBXBuildFile; fileRef = 75A618D71E0DE74400A0362E /* Assets.xcassets */; };
		75A618DB1E0DE74400A0362E /* LaunchScreen.storyboard in Resources */ = {isa = PBXBuildFile; fileRef = 75A618D91E0DE74400A0362E /* LaunchScreen.storyboard */; };
		75ABF10F1E1F352A00B1AC93 /* silhouette.png in Resources */ = {isa = PBXBuildFile; fileRef = 75ABF10E1E1F352A00B1AC93 /* silhouette.png */; };
		9F5B70C84F9746A112474236 /* Pods_Social_Betting.framework in Frameworks */ = {isa = PBXBuildFile; fileRef = 61065E678781EF03087BC11C /* Pods_Social_Betting.framework */; };
		B928C1751E3DFAFC00A7AA55 /* CommentsViewController.swift in Sources */ = {isa = PBXBuildFile; fileRef = B928C1741E3DFAFC00A7AA55 /* CommentsViewController.swift */; };
		B958D7F81E246DF5008F1299 /* Post.swift in Sources */ = {isa = PBXBuildFile; fileRef = B958D7F71E246DF5008F1299 /* Post.swift */; };
		B96781CC1E19AA2800609F23 /* BetFeedCellTableViewCell.swift in Sources */ = {isa = PBXBuildFile; fileRef = B96781CB1E19AA2800609F23 /* BetFeedCellTableViewCell.swift */; };
		B98F51661E184D5300BD11DF /* BetFeedTableViewController.swift in Sources */ = {isa = PBXBuildFile; fileRef = B98F51651E184D5300BD11DF /* BetFeedTableViewController.swift */; };
		B9ABD1601E3EE75400FFDDCF /* Main.storyboard in Resources */ = {isa = PBXBuildFile; fileRef = B9ABD15F1E3EE75400FFDDCF /* Main.storyboard */; };
		B9B548C21E1B439B00569631 /* SideMenuViewController.swift in Sources */ = {isa = PBXBuildFile; fileRef = B9B548C11E1B439B00569631 /* SideMenuViewController.swift */; };
		B9FE05A61E1F19D40070AAE5 /* SWRevealViewController.m in Sources */ = {isa = PBXBuildFile; fileRef = B9FE05A51E1F19D40070AAE5 /* SWRevealViewController.m */; };
/* End PBXBuildFile section */

/* Begin PBXFileReference section */
		1349983332A583D309A07FF0 /* Pods-Social Betting.debug.xcconfig */ = {isa = PBXFileReference; includeInIndex = 1; lastKnownFileType = text.xcconfig; name = "Pods-Social Betting.debug.xcconfig"; path = "Pods/Target Support Files/Pods-Social Betting/Pods-Social Betting.debug.xcconfig"; sourceTree = "<group>"; };
		61065E678781EF03087BC11C /* Pods_Social_Betting.framework */ = {isa = PBXFileReference; explicitFileType = wrapper.framework; includeInIndex = 0; path = Pods_Social_Betting.framework; sourceTree = BUILT_PRODUCTS_DIR; };
		750DF7211E24738000D408C8 /* User.swift */ = {isa = PBXFileReference; fileEncoding = 4; lastKnownFileType = sourcecode.swift; path = User.swift; sourceTree = "<group>"; };
		752ADB9E1E0E3556008BA7E4 /* LoginViewController.swift */ = {isa = PBXFileReference; fileEncoding = 4; lastKnownFileType = sourcecode.swift; path = LoginViewController.swift; sourceTree = "<group>"; };
		752ADBA01E15E5FE008BA7E4 /* GoogleService-Info.plist */ = {isa = PBXFileReference; fileEncoding = 4; lastKnownFileType = text.plist.xml; path = "GoogleService-Info.plist"; sourceTree = "<group>"; };
		753170101E1F3CBF00ECEF19 /* ProfileViewController.swift */ = {isa = PBXFileReference; fileEncoding = 4; lastKnownFileType = sourcecode.swift; path = ProfileViewController.swift; sourceTree = "<group>"; };
		75A618CD1E0DE74400A0362E /* Social Betting.app */ = {isa = PBXFileReference; explicitFileType = wrapper.application; includeInIndex = 0; path = "Social Betting.app"; sourceTree = BUILT_PRODUCTS_DIR; };
		75A618D01E0DE74400A0362E /* AppDelegate.swift */ = {isa = PBXFileReference; lastKnownFileType = sourcecode.swift; path = AppDelegate.swift; sourceTree = "<group>"; };
		75A618D21E0DE74400A0362E /* ViewController.swift */ = {isa = PBXFileReference; lastKnownFileType = sourcecode.swift; path = ViewController.swift; sourceTree = "<group>"; };
		75A618D71E0DE74400A0362E /* Assets.xcassets */ = {isa = PBXFileReference; lastKnownFileType = folder.assetcatalog; path = Assets.xcassets; sourceTree = "<group>"; };
		75A618DA1E0DE74400A0362E /* Base */ = {isa = PBXFileReference; lastKnownFileType = file.storyboard; name = Base; path = Base.lproj/LaunchScreen.storyboard; sourceTree = "<group>"; };
		75A618DC1E0DE74500A0362E /* Info.plist */ = {isa = PBXFileReference; lastKnownFileType = text.plist.xml; path = Info.plist; sourceTree = "<group>"; };
		75ABF10E1E1F352A00B1AC93 /* silhouette.png */ = {isa = PBXFileReference; lastKnownFileType = image.png; path = silhouette.png; sourceTree = "<group>"; };
		9B4410C77F552894DB3A0A78 /* Pods-Social Betting.release.xcconfig */ = {isa = PBXFileReference; includeInIndex = 1; lastKnownFileType = text.xcconfig; name = "Pods-Social Betting.release.xcconfig"; path = "Pods/Target Support Files/Pods-Social Betting/Pods-Social Betting.release.xcconfig"; sourceTree = "<group>"; };
		B928C1741E3DFAFC00A7AA55 /* CommentsViewController.swift */ = {isa = PBXFileReference; fileEncoding = 4; lastKnownFileType = sourcecode.swift; path = CommentsViewController.swift; sourceTree = "<group>"; };
		B958D7F71E246DF5008F1299 /* Post.swift */ = {isa = PBXFileReference; fileEncoding = 4; lastKnownFileType = sourcecode.swift; path = Post.swift; sourceTree = "<group>"; };
		B96781CB1E19AA2800609F23 /* BetFeedCellTableViewCell.swift */ = {isa = PBXFileReference; fileEncoding = 4; lastKnownFileType = sourcecode.swift; path = BetFeedCellTableViewCell.swift; sourceTree = "<group>"; };
		B98F51651E184D5300BD11DF /* BetFeedTableViewController.swift */ = {isa = PBXFileReference; fileEncoding = 4; lastKnownFileType = sourcecode.swift; path = BetFeedTableViewController.swift; sourceTree = "<group>"; };
		B9ABD15F1E3EE75400FFDDCF /* Main.storyboard */ = {isa = PBXFileReference; fileEncoding = 4; lastKnownFileType = file.storyboard; path = Main.storyboard; sourceTree = "<group>"; };
		B9B548C11E1B439B00569631 /* SideMenuViewController.swift */ = {isa = PBXFileReference; fileEncoding = 4; lastKnownFileType = sourcecode.swift; path = SideMenuViewController.swift; sourceTree = "<group>"; };
		B9FE05A31E1F19D30070AAE5 /* Social Betting-Bridging-Header.h */ = {isa = PBXFileReference; lastKnownFileType = sourcecode.c.h; path = "Social Betting-Bridging-Header.h"; sourceTree = "<group>"; };
		B9FE05A41E1F19D40070AAE5 /* SWRevealViewController.h */ = {isa = PBXFileReference; fileEncoding = 4; lastKnownFileType = sourcecode.c.h; path = SWRevealViewController.h; sourceTree = "<group>"; };
		B9FE05A51E1F19D40070AAE5 /* SWRevealViewController.m */ = {isa = PBXFileReference; fileEncoding = 4; lastKnownFileType = sourcecode.c.objc; path = SWRevealViewController.m; sourceTree = "<group>"; };
/* End PBXFileReference section */

/* Begin PBXFrameworksBuildPhase section */
		75A618CA1E0DE74400A0362E /* Frameworks */ = {
			isa = PBXFrameworksBuildPhase;
			buildActionMask = 2147483647;
			files = (
				9F5B70C84F9746A112474236 /* Pods_Social_Betting.framework in Frameworks */,
			);
			runOnlyForDeploymentPostprocessing = 0;
		};
/* End PBXFrameworksBuildPhase section */

/* Begin PBXGroup section */
		071B40308BF8EC2B14279D93 /* Pods */ = {
			isa = PBXGroup;
			children = (
				1349983332A583D309A07FF0 /* Pods-Social Betting.debug.xcconfig */,
				9B4410C77F552894DB3A0A78 /* Pods-Social Betting.release.xcconfig */,
			);
			name = Pods;
			sourceTree = "<group>";
		};
		75A618C41E0DE74400A0362E = {
			isa = PBXGroup;
			children = (
				75A618CF1E0DE74400A0362E /* Social Betting */,
				75A618CE1E0DE74400A0362E /* Products */,
				071B40308BF8EC2B14279D93 /* Pods */,
				92065922F6289D33B82EDF7D /* Frameworks */,
			);
			sourceTree = "<group>";
		};
		75A618CE1E0DE74400A0362E /* Products */ = {
			isa = PBXGroup;
			children = (
				75A618CD1E0DE74400A0362E /* Social Betting.app */,
			);
			name = Products;
			sourceTree = "<group>";
		};
		75A618CF1E0DE74400A0362E /* Social Betting */ = {
			isa = PBXGroup;
			children = (
				B9FE05A21E1F19B30070AAE5 /* SWRevealViewController */,
				B9B548BC1E1B425500569631 /* Images */,
				75A618D01E0DE74400A0362E /* AppDelegate.swift */,
				B958D7F71E246DF5008F1299 /* Post.swift */,
				750DF7211E24738000D408C8 /* User.swift */,
				75A618D21E0DE74400A0362E /* ViewController.swift */,
				752ADB9E1E0E3556008BA7E4 /* LoginViewController.swift */,
				B9ABD15F1E3EE75400FFDDCF /* Main.storyboard */,
				753170101E1F3CBF00ECEF19 /* ProfileViewController.swift */,
				B9B548C11E1B439B00569631 /* SideMenuViewController.swift */,
				B98F51651E184D5300BD11DF /* BetFeedTableViewController.swift */,
				B96781CB1E19AA2800609F23 /* BetFeedCellTableViewCell.swift */,
				B928C1741E3DFAFC00A7AA55 /* CommentsViewController.swift */,
				75A618D71E0DE74400A0362E /* Assets.xcassets */,
				75ABF10E1E1F352A00B1AC93 /* silhouette.png */,
				75A618D91E0DE74400A0362E /* LaunchScreen.storyboard */,
				75A618DC1E0DE74500A0362E /* Info.plist */,
				752ADBA01E15E5FE008BA7E4 /* GoogleService-Info.plist */,
			);
			path = "Social Betting";
			sourceTree = "<group>";
		};
		92065922F6289D33B82EDF7D /* Frameworks */ = {
			isa = PBXGroup;
			children = (
				61065E678781EF03087BC11C /* Pods_Social_Betting.framework */,
			);
			name = Frameworks;
			sourceTree = "<group>";
		};
		B9B548BC1E1B425500569631 /* Images */ = {
			isa = PBXGroup;
			children = (
			);
			name = Images;
			sourceTree = "<group>";
		};
		B9FE05A21E1F19B30070AAE5 /* SWRevealViewController */ = {
			isa = PBXGroup;
			children = (
				B9FE05A41E1F19D40070AAE5 /* SWRevealViewController.h */,
				B9FE05A51E1F19D40070AAE5 /* SWRevealViewController.m */,
				B9FE05A31E1F19D30070AAE5 /* Social Betting-Bridging-Header.h */,
			);
			name = SWRevealViewController;
			sourceTree = "<group>";
		};
/* End PBXGroup section */

/* Begin PBXNativeTarget section */
		75A618CC1E0DE74400A0362E /* Social Betting */ = {
			isa = PBXNativeTarget;
			buildConfigurationList = 75A618DF1E0DE74500A0362E /* Build configuration list for PBXNativeTarget "Social Betting" */;
			buildPhases = (
				25ADE774043D70C903BED34B /* [CP] Check Pods Manifest.lock */,
				75A618C91E0DE74400A0362E /* Sources */,
				75A618CA1E0DE74400A0362E /* Frameworks */,
				75A618CB1E0DE74400A0362E /* Resources */,
				076BD875E8AC334F902A6372 /* [CP] Embed Pods Frameworks */,
				C0CE94DB7BDB23CAA5098D13 /* [CP] Copy Pods Resources */,
			);
			buildRules = (
			);
			dependencies = (
			);
			name = "Social Betting";
			productName = "Social Betting";
			productReference = 75A618CD1E0DE74400A0362E /* Social Betting.app */;
			productType = "com.apple.product-type.application";
		};
/* End PBXNativeTarget section */

/* Begin PBXProject section */
		75A618C51E0DE74400A0362E /* Project object */ = {
			isa = PBXProject;
			attributes = {
				LastSwiftUpdateCheck = 0820;
				LastUpgradeCheck = 0820;
				ORGANIZATIONNAME = "Ashish Keshan";
				TargetAttributes = {
					75A618CC1E0DE74400A0362E = {
						CreatedOnToolsVersion = 8.2;
						DevelopmentTeam = CKF73J7D4M;
						LastSwiftMigration = 0820;
						ProvisioningStyle = Automatic;
					};
				};
			};
			buildConfigurationList = 75A618C81E0DE74400A0362E /* Build configuration list for PBXProject "Social Betting" */;
			compatibilityVersion = "Xcode 3.2";
			developmentRegion = English;
			hasScannedForEncodings = 0;
			knownRegions = (
				en,
				Base,
			);
			mainGroup = 75A618C41E0DE74400A0362E;
			productRefGroup = 75A618CE1E0DE74400A0362E /* Products */;
			projectDirPath = "";
			projectRoot = "";
			targets = (
				75A618CC1E0DE74400A0362E /* Social Betting */,
			);
		};
/* End PBXProject section */

/* Begin PBXResourcesBuildPhase section */
		75A618CB1E0DE74400A0362E /* Resources */ = {
			isa = PBXResourcesBuildPhase;
			buildActionMask = 2147483647;
			files = (
				75ABF10F1E1F352A00B1AC93 /* silhouette.png in Resources */,
				B9ABD1601E3EE75400FFDDCF /* Main.storyboard in Resources */,
				75A618DB1E0DE74400A0362E /* LaunchScreen.storyboard in Resources */,
				752ADBA11E15E5FE008BA7E4 /* GoogleService-Info.plist in Resources */,
				75A618D81E0DE74400A0362E /* Assets.xcassets in Resources */,
			);
			runOnlyForDeploymentPostprocessing = 0;
		};
/* End PBXResourcesBuildPhase section */

/* Begin PBXShellScriptBuildPhase section */
		076BD875E8AC334F902A6372 /* [CP] Embed Pods Frameworks */ = {
			isa = PBXShellScriptBuildPhase;
			buildActionMask = 2147483647;
			files = (
			);
			inputPaths = (
			);
			name = "[CP] Embed Pods Frameworks";
			outputPaths = (
			);
			runOnlyForDeploymentPostprocessing = 0;
			shellPath = /bin/sh;
			shellScript = "\"${SRCROOT}/Pods/Target Support Files/Pods-Social Betting/Pods-Social Betting-frameworks.sh\"\n";
			showEnvVarsInLog = 0;
		};
		25ADE774043D70C903BED34B /* [CP] Check Pods Manifest.lock */ = {
			isa = PBXShellScriptBuildPhase;
			buildActionMask = 2147483647;
			files = (
			);
			inputPaths = (
			);
			name = "[CP] Check Pods Manifest.lock";
			outputPaths = (
			);
			runOnlyForDeploymentPostprocessing = 0;
			shellPath = /bin/sh;
			shellScript = "diff \"${PODS_ROOT}/../Podfile.lock\" \"${PODS_ROOT}/Manifest.lock\" > /dev/null\nif [ $? != 0 ] ; then\n    # print error to STDERR\n    echo \"error: The sandbox is not in sync with the Podfile.lock. Run 'pod install' or update your CocoaPods installation.\" >&2\n    exit 1\nfi\n";
			showEnvVarsInLog = 0;
		};
		C0CE94DB7BDB23CAA5098D13 /* [CP] Copy Pods Resources */ = {
			isa = PBXShellScriptBuildPhase;
			buildActionMask = 2147483647;
			files = (
			);
			inputPaths = (
			);
			name = "[CP] Copy Pods Resources";
			outputPaths = (
			);
			runOnlyForDeploymentPostprocessing = 0;
			shellPath = /bin/sh;
			shellScript = "\"${SRCROOT}/Pods/Target Support Files/Pods-Social Betting/Pods-Social Betting-resources.sh\"\n";
			showEnvVarsInLog = 0;
		};
/* End PBXShellScriptBuildPhase section */

/* Begin PBXSourcesBuildPhase section */
		75A618C91E0DE74400A0362E /* Sources */ = {
			isa = PBXSourcesBuildPhase;
			buildActionMask = 2147483647;
			files = (
				B9FE05A61E1F19D40070AAE5 /* SWRevealViewController.m in Sources */,
				B96781CC1E19AA2800609F23 /* BetFeedCellTableViewCell.swift in Sources */,
				752ADB9F1E0E3556008BA7E4 /* LoginViewController.swift in Sources */,
				75A618D31E0DE74400A0362E /* ViewController.swift in Sources */,
				B9B548C21E1B439B00569631 /* SideMenuViewController.swift in Sources */,
				B98F51661E184D5300BD11DF /* BetFeedTableViewController.swift in Sources */,
				753170111E1F3CBF00ECEF19 /* ProfileViewController.swift in Sources */,
				75A618D11E0DE74400A0362E /* AppDelegate.swift in Sources */,
				B928C1751E3DFAFC00A7AA55 /* CommentsViewController.swift in Sources */,
				B958D7F81E246DF5008F1299 /* Post.swift in Sources */,
				750DF7221E24738000D408C8 /* User.swift in Sources */,
			);
			runOnlyForDeploymentPostprocessing = 0;
		};
/* End PBXSourcesBuildPhase section */

/* Begin PBXVariantGroup section */
		75A618D91E0DE74400A0362E /* LaunchScreen.storyboard */ = {
			isa = PBXVariantGroup;
			children = (
				75A618DA1E0DE74400A0362E /* Base */,
			);
			name = LaunchScreen.storyboard;
			sourceTree = "<group>";
		};
/* End PBXVariantGroup section */

/* Begin XCBuildConfiguration section */
		75A618DD1E0DE74500A0362E /* Debug */ = {
			isa = XCBuildConfiguration;
			buildSettings = {
				ALWAYS_SEARCH_USER_PATHS = NO;
				CLANG_ANALYZER_NONNULL = YES;
				CLANG_CXX_LANGUAGE_STANDARD = "gnu++0x";
				CLANG_CXX_LIBRARY = "libc++";
				CLANG_ENABLE_MODULES = YES;
				CLANG_ENABLE_OBJC_ARC = YES;
				CLANG_WARN_BOOL_CONVERSION = YES;
				CLANG_WARN_CONSTANT_CONVERSION = YES;
				CLANG_WARN_DIRECT_OBJC_ISA_USAGE = YES_ERROR;
				CLANG_WARN_DOCUMENTATION_COMMENTS = YES;
				CLANG_WARN_EMPTY_BODY = YES;
				CLANG_WARN_ENUM_CONVERSION = YES;
				CLANG_WARN_INFINITE_RECURSION = YES;
				CLANG_WARN_INT_CONVERSION = YES;
				CLANG_WARN_OBJC_ROOT_CLASS = YES_ERROR;
				CLANG_WARN_SUSPICIOUS_MOVE = YES;
				CLANG_WARN_UNREACHABLE_CODE = YES;
				CLANG_WARN__DUPLICATE_METHOD_MATCH = YES;
				"CODE_SIGN_IDENTITY[sdk=iphoneos*]" = "iPhone Developer";
				COPY_PHASE_STRIP = NO;
				DEBUG_INFORMATION_FORMAT = dwarf;
				ENABLE_STRICT_OBJC_MSGSEND = YES;
				ENABLE_TESTABILITY = YES;
				GCC_C_LANGUAGE_STANDARD = gnu99;
				GCC_DYNAMIC_NO_PIC = NO;
				GCC_NO_COMMON_BLOCKS = YES;
				GCC_OPTIMIZATION_LEVEL = 0;
				GCC_PREPROCESSOR_DEFINITIONS = (
					"DEBUG=1",
					"$(inherited)",
				);
				GCC_WARN_64_TO_32_BIT_CONVERSION = YES;
				GCC_WARN_ABOUT_RETURN_TYPE = YES_ERROR;
				GCC_WARN_UNDECLARED_SELECTOR = YES;
				GCC_WARN_UNINITIALIZED_AUTOS = YES_AGGRESSIVE;
				GCC_WARN_UNUSED_FUNCTION = YES;
				GCC_WARN_UNUSED_VARIABLE = YES;
				IPHONEOS_DEPLOYMENT_TARGET = 10.2;
				MTL_ENABLE_DEBUG_INFO = YES;
				ONLY_ACTIVE_ARCH = YES;
				SDKROOT = iphoneos;
				SWIFT_ACTIVE_COMPILATION_CONDITIONS = DEBUG;
				SWIFT_OPTIMIZATION_LEVEL = "-Onone";
			};
			name = Debug;
		};
		75A618DE1E0DE74500A0362E /* Release */ = {
			isa = XCBuildConfiguration;
			buildSettings = {
				ALWAYS_SEARCH_USER_PATHS = NO;
				CLANG_ANALYZER_NONNULL = YES;
				CLANG_CXX_LANGUAGE_STANDARD = "gnu++0x";
				CLANG_CXX_LIBRARY = "libc++";
				CLANG_ENABLE_MODULES = YES;
				CLANG_ENABLE_OBJC_ARC = YES;
				CLANG_WARN_BOOL_CONVERSION = YES;
				CLANG_WARN_CONSTANT_CONVERSION = YES;
				CLANG_WARN_DIRECT_OBJC_ISA_USAGE = YES_ERROR;
				CLANG_WARN_DOCUMENTATION_COMMENTS = YES;
				CLANG_WARN_EMPTY_BODY = YES;
				CLANG_WARN_ENUM_CONVERSION = YES;
				CLANG_WARN_INFINITE_RECURSION = YES;
				CLANG_WARN_INT_CONVERSION = YES;
				CLANG_WARN_OBJC_ROOT_CLASS = YES_ERROR;
				CLANG_WARN_SUSPICIOUS_MOVE = YES;
				CLANG_WARN_UNREACHABLE_CODE = YES;
				CLANG_WARN__DUPLICATE_METHOD_MATCH = YES;
				"CODE_SIGN_IDENTITY[sdk=iphoneos*]" = "iPhone Developer";
				COPY_PHASE_STRIP = NO;
				DEBUG_INFORMATION_FORMAT = "dwarf-with-dsym";
				ENABLE_NS_ASSERTIONS = NO;
				ENABLE_STRICT_OBJC_MSGSEND = YES;
				GCC_C_LANGUAGE_STANDARD = gnu99;
				GCC_NO_COMMON_BLOCKS = YES;
				GCC_WARN_64_TO_32_BIT_CONVERSION = YES;
				GCC_WARN_ABOUT_RETURN_TYPE = YES_ERROR;
				GCC_WARN_UNDECLARED_SELECTOR = YES;
				GCC_WARN_UNINITIALIZED_AUTOS = YES_AGGRESSIVE;
				GCC_WARN_UNUSED_FUNCTION = YES;
				GCC_WARN_UNUSED_VARIABLE = YES;
				IPHONEOS_DEPLOYMENT_TARGET = 10.2;
				MTL_ENABLE_DEBUG_INFO = NO;
				SDKROOT = iphoneos;
				SWIFT_OPTIMIZATION_LEVEL = "-Owholemodule";
				VALIDATE_PRODUCT = YES;
			};
			name = Release;
		};
		75A618E01E0DE74500A0362E /* Debug */ = {
			isa = XCBuildConfiguration;
			baseConfigurationReference = 1349983332A583D309A07FF0 /* Pods-Social Betting.debug.xcconfig */;
			buildSettings = {
				ALWAYS_EMBED_SWIFT_STANDARD_LIBRARIES = YES;
				ASSETCATALOG_COMPILER_APPICON_NAME = AppIcon;
				CLANG_ENABLE_MODULES = YES;
				DEVELOPMENT_TEAM = CKF73J7D4M;
				FRAMEWORK_SEARCH_PATHS = (
					"$(inherited)",
					"$(PROJECT_DIR)",
				);
				INFOPLIST_FILE = "Social Betting/Info.plist";
				LD_RUNPATH_SEARCH_PATHS = "$(inherited) @executable_path/Frameworks";
				PRODUCT_BUNDLE_IDENTIFIER = "com.ashishkeshan.Social-Betting";
				PRODUCT_NAME = "$(TARGET_NAME)";
				SWIFT_OBJC_BRIDGING_HEADER = "Social Betting/Social Betting-Bridging-Header.h";
				SWIFT_OPTIMIZATION_LEVEL = "-Onone";
				SWIFT_VERSION = 3.0;
			};
			name = Debug;
		};
		75A618E11E0DE74500A0362E /* Release */ = {
			isa = XCBuildConfiguration;
			baseConfigurationReference = 9B4410C77F552894DB3A0A78 /* Pods-Social Betting.release.xcconfig */;
			buildSettings = {
				ALWAYS_EMBED_SWIFT_STANDARD_LIBRARIES = YES;
				ASSETCATALOG_COMPILER_APPICON_NAME = AppIcon;
				CLANG_ENABLE_MODULES = YES;
				DEVELOPMENT_TEAM = CKF73J7D4M;
				FRAMEWORK_SEARCH_PATHS = (
					"$(inherited)",
					"$(PROJECT_DIR)",
				);
				INFOPLIST_FILE = "Social Betting/Info.plist";
				LD_RUNPATH_SEARCH_PATHS = "$(inherited) @executable_path/Frameworks";
				PRODUCT_BUNDLE_IDENTIFIER = "com.ashishkeshan.Social-Betting";
				PRODUCT_NAME = "$(TARGET_NAME)";
				SWIFT_OBJC_BRIDGING_HEADER = "Social Betting/Social Betting-Bridging-Header.h";
				SWIFT_VERSION = 3.0;
			};
			name = Release;
		};
/* End XCBuildConfiguration section */

/* Begin XCConfigurationList section */
		75A618C81E0DE74400A0362E /* Build configuration list for PBXProject "Social Betting" */ = {
			isa = XCConfigurationList;
			buildConfigurations = (
				75A618DD1E0DE74500A0362E /* Debug */,
				75A618DE1E0DE74500A0362E /* Release */,
			);
			defaultConfigurationIsVisible = 0;
			defaultConfigurationName = Release;
		};
		75A618DF1E0DE74500A0362E /* Build configuration list for PBXNativeTarget "Social Betting" */ = {
			isa = XCConfigurationList;
			buildConfigurations = (
				75A618E01E0DE74500A0362E /* Debug */,
				75A618E11E0DE74500A0362E /* Release */,
			);
			defaultConfigurationIsVisible = 0;
			defaultConfigurationName = Release;
		};
/* End XCConfigurationList section */
	};
	rootObject = 75A618C51E0DE74400A0362E /* Project object */;
}
